
Microsoft Visual Studio Solution File, Format Version 12.00
# Visual Studio Version 16
VisualStudioVersion = 16.0.31129.286
MinimumVisualStudioVersion = 10.0.40219.1
Project("{FAE04EC0-301F-11D3-BF4B-00C04F79EFBC}") = "ExcelDataToJsonFormat", "ExcelDataToJsonFormat\ExcelDataToJsonFormat.csproj", "{14B06445-9624-44AC-BADC-A92F850DD661}"
EndProject
Global
	GlobalSection(SolutionConfigurationPlatforms) = preSolution
		Debug|Any CPU = Debug|Any CPU
		Release|Any CPU = Release|Any CPU
	EndGlobalSection
	GlobalSection(ProjectConfigurationPlatforms) = postSolution
		{14B06445-9624-44AC-BADC-A92F850DD661}.Debug|Any CPU.ActiveCfg = Debug|Any CPU
		{14B06445-9624-44AC-BADC-A92F850DD661}.Debug|Any CPU.Build.0 = Debug|Any CPU
		{14B06445-9624-44AC-BADC-A92F850DD661}.Release|Any CPU.ActiveCfg = Release|Any CPU
		{14B06445-9624-44AC-BADC-A92F850DD661}.Release|Any CPU.Build.0 = Release|Any CPU
	EndGlobalSection
	GlobalSection(SolutionProperties) = preSolution
		HideSolutionNode = FALSE
	EndGlobalSection
	GlobalSection(ExtensibilityGlobals) = postSolution
		SolutionGuid = {BF124E2A-7C38-45A3-B5B1-83DB1E9C4B9C}
	EndGlobalSection
EndGlobal
